
Microsoft Visual Studio Solution File, Format Version 12.00
# Visual Studio Version 17
VisualStudioVersion = 17.13.35806.99
MinimumVisualStudioVersion = 10.0.40219.1
Project("{FAE04EC0-301F-11D3-BF4B-00C04F79EFBC}") = "AIEmergencyNavigation", "AIEmergencyNavigation.csproj", "{E4FF0821-AEC9-40F2-BD3E-207F610B50EC}"
EndProject
Global
	GlobalSection(SolutionConfigurationPlatforms) = preSolution
		Debug|Any CPU = Debug|Any CPU
		Release|Any CPU = Release|Any CPU
	EndGlobalSection
	GlobalSection(ProjectConfigurationPlatforms) = postSolution
		{E4FF0821-AEC9-40F2-BD3E-207F610B50EC}.Debug|Any CPU.ActiveCfg = Debug|Any CPU
		{E4FF0821-AEC9-40F2-BD3E-207F610B50EC}.Debug|Any CPU.Build.0 = Debug|Any CPU
		{E4FF0821-AEC9-40F2-BD3E-207F610B50EC}.Release|Any CPU.ActiveCfg = Release|Any CPU
		{E4FF0821-AEC9-40F2-BD3E-207F610B50EC}.Release|Any CPU.Build.0 = Release|Any CPU
	EndGlobalSection
	GlobalSection(SolutionProperties) = preSolution
		HideSolutionNode = FALSE
	EndGlobalSection
	GlobalSection(ExtensibilityGlobals) = postSolution
		SolutionGuid = {03A765C6-0B38-4331-99CA-971ADF8CE687}
	EndGlobalSection
EndGlobal
